
Microsoft Visual Studio Solution File, Format Version 12.00
Project("{FAE04EC0-301F-11D3-BF4B-00C04F79EFBC}") = "WisT", "WisT\WisT.csproj", "{503D33DD-30FD-4793-880A-1F9DAAF04AB0}"
EndProject
Project("{FAE04EC0-301F-11D3-BF4B-00C04F79EFBC}") = "WistCompiler", "WistCompiler\WistCompiler.csproj", "{AE1B3B0E-1BAE-4EB0-B8CC-0456AC578A2B}"
EndProject
Global
	GlobalSection(SolutionConfigurationPlatforms) = preSolution
		Debug|Any CPU = Debug|Any CPU
		Release|Any CPU = Release|Any CPU
	EndGlobalSection
	GlobalSection(ProjectConfigurationPlatforms) = postSolution
		{503D33DD-30FD-4793-880A-1F9DAAF04AB0}.Debug|Any CPU.ActiveCfg = Debug|Any CPU
		{503D33DD-30FD-4793-880A-1F9DAAF04AB0}.Debug|Any CPU.Build.0 = Debug|Any CPU
		{503D33DD-30FD-4793-880A-1F9DAAF04AB0}.Release|Any CPU.ActiveCfg = Release|Any CPU
		{503D33DD-30FD-4793-880A-1F9DAAF04AB0}.Release|Any CPU.Build.0 = Release|Any CPU
		{AE1B3B0E-1BAE-4EB0-B8CC-0456AC578A2B}.Debug|Any CPU.ActiveCfg = Debug|Any CPU
		{AE1B3B0E-1BAE-4EB0-B8CC-0456AC578A2B}.Debug|Any CPU.Build.0 = Debug|Any CPU
		{AE1B3B0E-1BAE-4EB0-B8CC-0456AC578A2B}.Release|Any CPU.ActiveCfg = Release|Any CPU
		{AE1B3B0E-1BAE-4EB0-B8CC-0456AC578A2B}.Release|Any CPU.Build.0 = Release|Any CPU
	EndGlobalSection
EndGlobal
